
Microsoft Visual Studio Solution File, Format Version 12.00
# Visual Studio Version 16
VisualStudioVersion = 16.0.30309.148
MinimumVisualStudioVersion = 10.0.40219.1
Project("{FAE04EC0-301F-11D3-BF4B-00C04F79EFBC}") = "Midterm", "Midterm\Midterm.csproj", "{96815E90-70EE-44F8-BEB9-D5A7959BE0C6}"
EndProject
Global
	GlobalSection(SolutionConfigurationPlatforms) = preSolution
		Debug|Any CPU = Debug|Any CPU
		Release|Any CPU = Release|Any CPU
	EndGlobalSection
	GlobalSection(ProjectConfigurationPlatforms) = postSolution
		{96815E90-70EE-44F8-BEB9-D5A7959BE0C6}.Debug|Any CPU.ActiveCfg = Debug|Any CPU
		{96815E90-70EE-44F8-BEB9-D5A7959BE0C6}.Debug|Any CPU.Build.0 = Debug|Any CPU
		{96815E90-70EE-44F8-BEB9-D5A7959BE0C6}.Release|Any CPU.ActiveCfg = Release|Any CPU
		{96815E90-70EE-44F8-BEB9-D5A7959BE0C6}.Release|Any CPU.Build.0 = Release|Any CPU
	EndGlobalSection
	GlobalSection(SolutionProperties) = preSolution
		HideSolutionNode = FALSE
	EndGlobalSection
	GlobalSection(ExtensibilityGlobals) = postSolution
		SolutionGuid = {E112B53B-7039-456F-87B2-4CEF2B769585}
	EndGlobalSection
EndGlobal
